
Microsoft Visual Studio Solution File, Format Version 12.00
# Visual Studio 15
VisualStudioVersion = 15.0.28307.489
MinimumVisualStudioVersion = 10.0.40219.1
Project("{FAE04EC0-301F-11D3-BF4B-00C04F79EFBC}") = "AppEpi.Android", "AppEpi\AppEpi.Android\AppEpi.Android.csproj", "{8CD2D4B6-A171-453F-AAC9-8AD405B9B15F}"
EndProject
Project("{FAE04EC0-301F-11D3-BF4B-00C04F79EFBC}") = "AppEpi", "AppEpi\AppEpi\AppEpi.csproj", "{7D1EA3C6-963E-4F79-9D45-407CBD42A266}"
EndProject
Global
	GlobalSection(SolutionConfigurationPlatforms) = preSolution
		Debug|Any CPU = Debug|Any CPU
		Release|Any CPU = Release|Any CPU
	EndGlobalSection
	GlobalSection(ProjectConfigurationPlatforms) = postSolution
		{8CD2D4B6-A171-453F-AAC9-8AD405B9B15F}.Debug|Any CPU.ActiveCfg = Debug|Any CPU
		{8CD2D4B6-A171-453F-AAC9-8AD405B9B15F}.Debug|Any CPU.Build.0 = Debug|Any CPU
		{8CD2D4B6-A171-453F-AAC9-8AD405B9B15F}.Debug|Any CPU.Deploy.0 = Debug|Any CPU
		{8CD2D4B6-A171-453F-AAC9-8AD405B9B15F}.Release|Any CPU.ActiveCfg = Release|Any CPU
		{8CD2D4B6-A171-453F-AAC9-8AD405B9B15F}.Release|Any CPU.Build.0 = Release|Any CPU
		{8CD2D4B6-A171-453F-AAC9-8AD405B9B15F}.Release|Any CPU.Deploy.0 = Release|Any CPU
		{7D1EA3C6-963E-4F79-9D45-407CBD42A266}.Debug|Any CPU.ActiveCfg = Debug|Any CPU
		{7D1EA3C6-963E-4F79-9D45-407CBD42A266}.Debug|Any CPU.Build.0 = Debug|Any CPU
		{7D1EA3C6-963E-4F79-9D45-407CBD42A266}.Release|Any CPU.ActiveCfg = Release|Any CPU
		{7D1EA3C6-963E-4F79-9D45-407CBD42A266}.Release|Any CPU.Build.0 = Release|Any CPU
	EndGlobalSection
	GlobalSection(SolutionProperties) = preSolution
		HideSolutionNode = FALSE
	EndGlobalSection
	GlobalSection(ExtensibilityGlobals) = postSolution
		SolutionGuid = {CC6F0FEB-5F40-4147-A42B-F807BB5986A1}
	EndGlobalSection
EndGlobal
